
Microsoft Visual Studio Solution File, Format Version 12.00
# Visual Studio Version 17
VisualStudioVersion = 17.7.34024.191
MinimumVisualStudioVersion = 10.0.40219.1
Project("{FAE04EC0-301F-11D3-BF4B-00C04F79EFBC}") = "SQL-Test", "SQL-Test.csproj", "{B5998D6E-C4D5-4D2C-BEC9-B1FE49FDF55C}"
EndProject
Global
	GlobalSection(SolutionConfigurationPlatforms) = preSolution
		Debug|Any CPU = Debug|Any CPU
		Release|Any CPU = Release|Any CPU
	EndGlobalSection
	GlobalSection(ProjectConfigurationPlatforms) = postSolution
		{B5998D6E-C4D5-4D2C-BEC9-B1FE49FDF55C}.Debug|Any CPU.ActiveCfg = Debug|Any CPU
		{B5998D6E-C4D5-4D2C-BEC9-B1FE49FDF55C}.Debug|Any CPU.Build.0 = Debug|Any CPU
		{B5998D6E-C4D5-4D2C-BEC9-B1FE49FDF55C}.Release|Any CPU.ActiveCfg = Release|Any CPU
		{B5998D6E-C4D5-4D2C-BEC9-B1FE49FDF55C}.Release|Any CPU.Build.0 = Release|Any CPU
	EndGlobalSection
	GlobalSection(SolutionProperties) = preSolution
		HideSolutionNode = FALSE
	EndGlobalSection
	GlobalSection(ExtensibilityGlobals) = postSolution
		SolutionGuid = {FB0963ED-6384-47EF-B6BC-745C08702D82}
	EndGlobalSection
EndGlobal
